
Microsoft Visual Studio Solution File, Format Version 12.00
# Visual Studio Version 17
VisualStudioVersion = 17.14.36310.24 d17.14
MinimumVisualStudioVersion = 10.0.40219.1
Project("{FAE04EC0-301F-11D3-BF4B-00C04F79EFBC}") = "TripeTriadUI", "TripeTriadUI.csproj", "{2C1B5062-3A3C-4731-A0F5-B7711F175D3A}"
	ProjectSection(ProjectDependencies) = postProject
		{F04ED403-29C7-D38A-3074-AF24A72ADA80} = {F04ED403-29C7-D38A-3074-AF24A72ADA80}
	EndProjectSection
EndProject
Project("{8BC9CEB8-8B4A-11D0-8D11-00A0C91BC942}") = "TripeTriadClassLib", "..\TripeTriadClassLib\TripeTriadClassLib.vcxproj", "{F04ED403-29C7-D38A-3074-AF24A72ADA80}"
EndProject
Global
	GlobalSection(SolutionConfigurationPlatforms) = preSolution
		Debug|Any CPU = Debug|Any CPU
		Debug|x64 = Debug|x64
		Debug|x86 = Debug|x86
		Release|Any CPU = Release|Any CPU
		Release|x64 = Release|x64
		Release|x86 = Release|x86
	EndGlobalSection
	GlobalSection(ProjectConfigurationPlatforms) = postSolution
		{2C1B5062-3A3C-4731-A0F5-B7711F175D3A}.Debug|Any CPU.ActiveCfg = Debug|Any CPU
		{2C1B5062-3A3C-4731-A0F5-B7711F175D3A}.Debug|Any CPU.Build.0 = Debug|Any CPU
		{2C1B5062-3A3C-4731-A0F5-B7711F175D3A}.Debug|x64.ActiveCfg = Debug|Any CPU
		{2C1B5062-3A3C-4731-A0F5-B7711F175D3A}.Debug|x64.Build.0 = Debug|Any CPU
		{2C1B5062-3A3C-4731-A0F5-B7711F175D3A}.Debug|x86.ActiveCfg = Debug|Any CPU
		{2C1B5062-3A3C-4731-A0F5-B7711F175D3A}.Debug|x86.Build.0 = Debug|Any CPU
		{2C1B5062-3A3C-4731-A0F5-B7711F175D3A}.Release|Any CPU.ActiveCfg = Release|Any CPU
		{2C1B5062-3A3C-4731-A0F5-B7711F175D3A}.Release|Any CPU.Build.0 = Release|Any CPU
		{2C1B5062-3A3C-4731-A0F5-B7711F175D3A}.Release|x64.ActiveCfg = Release|Any CPU
		{2C1B5062-3A3C-4731-A0F5-B7711F175D3A}.Release|x64.Build.0 = Release|Any CPU
		{2C1B5062-3A3C-4731-A0F5-B7711F175D3A}.Release|x86.ActiveCfg = Release|Any CPU
		{2C1B5062-3A3C-4731-A0F5-B7711F175D3A}.Release|x86.Build.0 = Release|Any CPU
		{F04ED403-29C7-D38A-3074-AF24A72ADA80}.Debug|Any CPU.ActiveCfg = Debug|x64
		{F04ED403-29C7-D38A-3074-AF24A72ADA80}.Debug|Any CPU.Build.0 = Debug|x64
		{F04ED403-29C7-D38A-3074-AF24A72ADA80}.Debug|x64.ActiveCfg = Debug|x64
		{F04ED403-29C7-D38A-3074-AF24A72ADA80}.Debug|x64.Build.0 = Debug|x64
		{F04ED403-29C7-D38A-3074-AF24A72ADA80}.Debug|x86.ActiveCfg = Debug|Win32
		{F04ED403-29C7-D38A-3074-AF24A72ADA80}.Debug|x86.Build.0 = Debug|Win32
		{F04ED403-29C7-D38A-3074-AF24A72ADA80}.Release|Any CPU.ActiveCfg = Release|x64
		{F04ED403-29C7-D38A-3074-AF24A72ADA80}.Release|Any CPU.Build.0 = Release|x64
		{F04ED403-29C7-D38A-3074-AF24A72ADA80}.Release|x64.ActiveCfg = Release|x64
		{F04ED403-29C7-D38A-3074-AF24A72ADA80}.Release|x64.Build.0 = Release|x64
		{F04ED403-29C7-D38A-3074-AF24A72ADA80}.Release|x86.ActiveCfg = Release|Win32
		{F04ED403-29C7-D38A-3074-AF24A72ADA80}.Release|x86.Build.0 = Release|Win32
	EndGlobalSection
	GlobalSection(SolutionProperties) = preSolution
		HideSolutionNode = FALSE
	EndGlobalSection
	GlobalSection(ExtensibilityGlobals) = postSolution
		SolutionGuid = {7979013F-FD56-4336-A725-C7F75F9B070E}
	EndGlobalSection
EndGlobal
